plugins:
- name: IgiCore/tracking
  version: 1.0.0
  description: NFive Plugin
  author: IgiCore
  license: LGPL
  server:
    main:
    - IgiCore.Tracking.Server
    include:
    - IgiCore.Tracking.Shared
  client:
    main:
    - IgiCore.Tracking.Client
    include:
    - IgiCore.Tracking.Shared
- &o0
  name: NFive/plugin-sessionmanager
  version: 0.8.1
  description: NFive session manager plugin
  author: NFive
  license: LGPL
  website: https://nfive.io/
  server:
    main:
    - NFive.SessionManager.Server
    include:
    - NFive.SessionManager.Shared
- dependency_nodes:
  - *o0
  name: IgiCore/characters
  version: 1.0.0
  description: NFive Plugin
  author: IgiCore
  license: LGPL
  server:
    main:
    - IgiCore.Characters.Server
    include:
    - IgiCore.Characters.Shared
  client:
    main:
    - IgiCore.Characters.Client
    include:
    - IgiCore.Characters.Shared
    files:
    - Overlays/CharacterOverlay.html
    - Overlays/Character.js
    - Overlays/CharacterSelect.js
    - Overlays/gravity.woff2
    - Overlays/main.js
    - Overlays/pricedown.woff2
    - Overlays/style.css
  dependencies:
    NFive/plugin-sessionmanager: '*'
